// !$*UTF8*$!
{
	archiveVersion = 1;
	classes = {
	};
	objectVersion = 45;
	objects = {

/* Begin PBXBuildFile section */
		000223B40F4BFFBE0046234D /* GHLogger.m in Sources */ = {isa = PBXBuildFile; fileRef = 000223B10F4BFFBE0046234D /* GHLogger.m */; };
		000223B50F4BFFBE0046234D /* GHNSString+URL.m in Sources */ = {isa = PBXBuildFile; fileRef = 000223B30F4BFFBE0046234D /* GHNSString+URL.m */; };
		00025C6A0EFB5ECC007EA0A8 /* GHUIColor+Utils.m in Sources */ = {isa = PBXBuildFile; fileRef = 00025C690EFB5ECC007EA0A8 /* GHUIColor+Utils.m */; };
		00025C860EFB654C007EA0A8 /* GHUIColorUtilsTest.m in Sources */ = {isa = PBXBuildFile; fileRef = 00025C850EFB654C007EA0A8 /* GHUIColorUtilsTest.m */; };
		00178C450FC37D5200CA6A07 /* GHNSInvocationProxy.m in Sources */ = {isa = PBXBuildFile; fileRef = 00178C440FC37D5200CA6A07 /* GHNSInvocationProxy.m */; };
		00178E810FC39A1900CA6A07 /* NSInvocationUtilsTest.m in Sources */ = {isa = PBXBuildFile; fileRef = 00178E800FC39A1900CA6A07 /* NSInvocationUtilsTest.m */; };
		0024E70B0F659183007E5C51 /* GHNSError+Utils.m in Sources */ = {isa = PBXBuildFile; fileRef = 0024E70A0F659183007E5C51 /* GHNSError+Utils.m */; };
		002CDE4E0FBD04D40071FB1E /* GHUITableViewCell.m in Sources */ = {isa = PBXBuildFile; fileRef = 002CDE4D0FBD04D40071FB1E /* GHUITableViewCell.m */; };
		0058AACE0EF8C18600C44386 /* Security.framework in Frameworks */ = {isa = PBXBuildFile; fileRef = 0058AACD0EF8C18600C44386 /* Security.framework */; };
		0058AB030EF8C61400C44386 /* GHKeychainStore.m in Sources */ = {isa = PBXBuildFile; fileRef = 0058AB020EF8C61400C44386 /* GHKeychainStore.m */; };
		0064CAE70FA04B6D00E5FA70 /* GHCLUtils.m in Sources */ = {isa = PBXBuildFile; fileRef = 0064CAE60FA04B6D00E5FA70 /* GHCLUtils.m */; };
		0064CB0E0FA04E0800E5FA70 /* GHCLUtilsTest.m in Sources */ = {isa = PBXBuildFile; fileRef = 0064CB0D0FA04E0800E5FA70 /* GHCLUtilsTest.m */; };
		007F59AD0EF243C700B3005D /* GHNSArray+Utils.m in Sources */ = {isa = PBXBuildFile; fileRef = 007F59AA0EF243C700B3005D /* GHNSArray+Utils.m */; };
		007F59AE0EF243C700B3005D /* GHNSDictionary+NSNull.m in Sources */ = {isa = PBXBuildFile; fileRef = 007F59AC0EF243C700B3005D /* GHNSDictionary+NSNull.m */; };
		008488CF0F19944900EB7732 /* GHUITextField.m in Sources */ = {isa = PBXBuildFile; fileRef = 008488CE0F19944900EB7732 /* GHUITextField.m */; };
		009129580F01752E00338B5E /* GHUIAlertView+Utils.m in Sources */ = {isa = PBXBuildFile; fileRef = 009129550F01752E00338B5E /* GHUIAlertView+Utils.m */; };
		009129590F01752E00338B5E /* GHUIView+Utils.m in Sources */ = {isa = PBXBuildFile; fileRef = 009129570F01752E00338B5E /* GHUIView+Utils.m */; };
		00970D4F0F29234900189A9D /* GHNSStringUIKitUtilsTest.m in Sources */ = {isa = PBXBuildFile; fileRef = 00970D4E0F29234900189A9D /* GHNSStringUIKitUtilsTest.m */; };
		009A95820F29320D00C5B773 /* GHNSInvocation+Utils.m in Sources */ = {isa = PBXBuildFile; fileRef = 009A957E0F29320D00C5B773 /* GHNSInvocation+Utils.m */; };
		009A95830F29320D00C5B773 /* GHNSObject+Invocation.m in Sources */ = {isa = PBXBuildFile; fileRef = 009A957F0F29320D00C5B773 /* GHNSObject+Invocation.m */; };
		00A943660FA6F4640080CFF3 /* GTMBase64.m in Sources */ = {isa = PBXBuildFile; fileRef = 00A9434F0FA6F4640080CFF3 /* GTMBase64.m */; };
		00A943670FA6F4640080CFF3 /* GTMLogger.m in Sources */ = {isa = PBXBuildFile; fileRef = 00A943520FA6F4640080CFF3 /* GTMLogger.m */; };
		00A943680FA6F4640080CFF3 /* GTMObjC2Runtime.m in Sources */ = {isa = PBXBuildFile; fileRef = 00A943540FA6F4640080CFF3 /* GTMObjC2Runtime.m */; };
		00A943690FA6F4640080CFF3 /* GTMRegex.m in Sources */ = {isa = PBXBuildFile; fileRef = 00A943560FA6F4640080CFF3 /* GTMRegex.m */; };
		00A9436A0FA6F4640080CFF3 /* GTMStackTrace.m in Sources */ = {isa = PBXBuildFile; fileRef = 00A943580FA6F4640080CFF3 /* GTMStackTrace.m */; };
		00A9436B0FA6F4640080CFF3 /* NSObject+SBJSON.m in Sources */ = {isa = PBXBuildFile; fileRef = 00A9435E0FA6F4640080CFF3 /* NSObject+SBJSON.m */; };
		00A9436C0FA6F4640080CFF3 /* NSString+SBJSON.m in Sources */ = {isa = PBXBuildFile; fileRef = 00A943600FA6F4640080CFF3 /* NSString+SBJSON.m */; };
		00A9436D0FA6F4640080CFF3 /* SBJSONScanner.m in Sources */ = {isa = PBXBuildFile; fileRef = 00A943620FA6F4640080CFF3 /* SBJSONScanner.m */; };
		00A9436E0FA6F4640080CFF3 /* SFHFKeychainUtils.m in Sources */ = {isa = PBXBuildFile; fileRef = 00A943650FA6F4640080CFF3 /* SFHFKeychainUtils.m */; };
		00A9437E0FA6F4A10080CFF3 /* GHNSBundle+Utils.m in Sources */ = {isa = PBXBuildFile; fileRef = 00A9437A0FA6F4A10080CFF3 /* GHNSBundle+Utils.m */; };
		00A9437F0FA6F4A10080CFF3 /* GHNSObject+Swizzle.m in Sources */ = {isa = PBXBuildFile; fileRef = 00A9437D0FA6F4A10080CFF3 /* GHNSObject+Swizzle.m */; };
		00A951E60FDA25BE006A80A6 /* GHUnitIPhoneTestMain.m in Sources */ = {isa = PBXBuildFile; fileRef = 00A951E20FDA25BE006A80A6 /* GHUnitIPhoneTestMain.m */; };
		00A951E70FDA25BE006A80A6 /* libGHUnitIPhoneCL.a in Frameworks */ = {isa = PBXBuildFile; fileRef = 00A951E40FDA25BE006A80A6 /* libGHUnitIPhoneCL.a */; };
		00A951E80FDA25BE006A80A6 /* RunTests.sh in Resources */ = {isa = PBXBuildFile; fileRef = 00A951E50FDA25BE006A80A6 /* RunTests.sh */; };
		00A951F10FDA25E4006A80A6 /* CoreLocation.framework in Frameworks */ = {isa = PBXBuildFile; fileRef = 00A951F00FDA25E4006A80A6 /* CoreLocation.framework */; };
		00A97A140F0C424400B083F6 /* GHUIButton.m in Sources */ = {isa = PBXBuildFile; fileRef = 00A97A100F0C424400B083F6 /* GHUIButton.m */; };
		00A97A1C0F0C436700B083F6 /* GHCGUtils.m in Sources */ = {isa = PBXBuildFile; fileRef = 00A97A1A0F0C436700B083F6 /* GHCGUtils.m */; };
		00CDDE010F77023C0089C60E /* GHNSDate+Utils.m in Sources */ = {isa = PBXBuildFile; fileRef = 00CDDDFC0F77023C0089C60E /* GHNSDate+Utils.m */; };
		00CDDE020F77023C0089C60E /* GHNSDictionary+Utils.m in Sources */ = {isa = PBXBuildFile; fileRef = 00CDDDFE0F77023C0089C60E /* GHNSDictionary+Utils.m */; };
		00CDDE030F77023C0089C60E /* GHNSMutableDictionary+Utils.m in Sources */ = {isa = PBXBuildFile; fileRef = 00CDDE000F77023C0089C60E /* GHNSMutableDictionary+Utils.m */; };
		00DB2ACE0EECA29900383FB6 /* GHNSDate+Parsing.m in Sources */ = {isa = PBXBuildFile; fileRef = 00DB2AAE0EECA29900383FB6 /* GHNSDate+Parsing.m */; };
		00DB2ACF0EECA29900383FB6 /* GHNSFileManager+Utils.m in Sources */ = {isa = PBXBuildFile; fileRef = 00DB2AB00EECA29900383FB6 /* GHNSFileManager+Utils.m */; };
		00DB2AD00EECA29900383FB6 /* GHNSNumber+Utils.m in Sources */ = {isa = PBXBuildFile; fileRef = 00DB2AB20EECA29900383FB6 /* GHNSNumber+Utils.m */; };
		00DB2AD10EECA29900383FB6 /* GHNSString+HMAC.m in Sources */ = {isa = PBXBuildFile; fileRef = 00DB2AB40EECA29900383FB6 /* GHNSString+HMAC.m */; };
		00DB2AD20EECA29900383FB6 /* GHNSString+TimeInterval.m in Sources */ = {isa = PBXBuildFile; fileRef = 00DB2AB60EECA29900383FB6 /* GHNSString+TimeInterval.m */; };
		00DB2AD30EECA29900383FB6 /* GHNSString+Utils.m in Sources */ = {isa = PBXBuildFile; fileRef = 00DB2AB80EECA29900383FB6 /* GHNSString+Utils.m */; };
		00DB2AD40EECA29900383FB6 /* GHNSString+Validation.m in Sources */ = {isa = PBXBuildFile; fileRef = 00DB2ABA0EECA29900383FB6 /* GHNSString+Validation.m */; };
		00DB2AD50EECA29900383FB6 /* GHNSURL+Utils.m in Sources */ = {isa = PBXBuildFile; fileRef = 00DB2ABC0EECA29900383FB6 /* GHNSURL+Utils.m */; };
		00DB2AD90EECA29900383FB6 /* hmac.c in Sources */ = {isa = PBXBuildFile; fileRef = 00DB2AC30EECA29900383FB6 /* hmac.c */; };
		00DB2ADA0EECA29900383FB6 /* sha1.c in Sources */ = {isa = PBXBuildFile; fileRef = 00DB2AC60EECA29900383FB6 /* sha1.c */; };
		00DB2B110EECA51400383FB6 /* GHUINavigationController+PopDelegate.m in Sources */ = {isa = PBXBuildFile; fileRef = 00DB2B100EECA51400383FB6 /* GHUINavigationController+PopDelegate.m */; };
		00E248430F15E37D00C06C63 /* GHUIKitUtils.m in Sources */ = {isa = PBXBuildFile; fileRef = 00E2483E0F15E37D00C06C63 /* GHUIKitUtils.m */; };
		00E248450F15E37D00C06C63 /* GHUITableViewStatusDelegate.m in Sources */ = {isa = PBXBuildFile; fileRef = 00E248420F15E37D00C06C63 /* GHUITableViewStatusDelegate.m */; };
		00E24A390F16BEBD00C06C63 /* GHNSString+UIKitUtils.m in Sources */ = {isa = PBXBuildFile; fileRef = 00E24A380F16BEBD00C06C63 /* GHNSString+UIKitUtils.m */; };
		00E7119A0F1C82BF00A4EEBA /* GHUINavigationController+Utils.m in Sources */ = {isa = PBXBuildFile; fileRef = 00E711970F1C82BF00A4EEBA /* GHUINavigationController+Utils.m */; };
		00E7119B0F1C82BF00A4EEBA /* GHUITableView+Utils.m in Sources */ = {isa = PBXBuildFile; fileRef = 00E711990F1C82BF00A4EEBA /* GHUITableView+Utils.m */; };
		1D60589F0D05DD5A006BFB54 /* Foundation.framework in Frameworks */ = {isa = PBXBuildFile; fileRef = 1D30AB110D05D00D00671497 /* Foundation.framework */; };
		1DF5F4E00D08C38300B7A737 /* UIKit.framework in Frameworks */ = {isa = PBXBuildFile; fileRef = 1DF5F4DF0D08C38300B7A737 /* UIKit.framework */; };
		288765A50DF7441C002DB57D /* CoreGraphics.framework in Frameworks */ = {isa = PBXBuildFile; fileRef = 288765A40DF7441C002DB57D /* CoreGraphics.framework */; };
/* End PBXBuildFile section */

/* Begin PBXFileReference section */
		000223AF0F4BFFBE0046234D /* GHKitMacros.h */ = {isa = PBXFileReference; fileEncoding = 4; lastKnownFileType = sourcecode.c.h; path = GHKitMacros.h; sourceTree = "<group>"; };
		000223B00F4BFFBE0046234D /* GHLogger.h */ = {isa = PBXFileReference; fileEncoding = 4; lastKnownFileType = sourcecode.c.h; path = GHLogger.h; sourceTree = "<group>"; };
		000223B10F4BFFBE0046234D /* GHLogger.m */ = {isa = PBXFileReference; fileEncoding = 4; lastKnownFileType = sourcecode.c.objc; path = GHLogger.m; sourceTree = "<group>"; };
		000223B20F4BFFBE0046234D /* GHNSString+URL.h */ = {isa = PBXFileReference; fileEncoding = 4; lastKnownFileType = sourcecode.c.h; path = "GHNSString+URL.h"; sourceTree = "<group>"; };
		000223B30F4BFFBE0046234D /* GHNSString+URL.m */ = {isa = PBXFileReference; fileEncoding = 4; lastKnownFileType = sourcecode.c.objc; path = "GHNSString+URL.m"; sourceTree = "<group>"; };
		00025C680EFB5ECC007EA0A8 /* GHUIColor+Utils.h */ = {isa = PBXFileReference; fileEncoding = 4; lastKnownFileType = sourcecode.c.h; path = "GHUIColor+Utils.h"; sourceTree = "<group>"; };
		00025C690EFB5ECC007EA0A8 /* GHUIColor+Utils.m */ = {isa = PBXFileReference; fileEncoding = 4; lastKnownFileType = sourcecode.c.objc; path = "GHUIColor+Utils.m"; sourceTree = "<group>"; };
		00025C850EFB654C007EA0A8 /* GHUIColorUtilsTest.m */ = {isa = PBXFileReference; fileEncoding = 4; lastKnownFileType = sourcecode.c.objc; path = GHUIColorUtilsTest.m; sourceTree = "<group>"; };
		00178C430FC37D5200CA6A07 /* GHNSInvocationProxy.h */ = {isa = PBXFileReference; fileEncoding = 4; lastKnownFileType = sourcecode.c.h; path = GHNSInvocationProxy.h; sourceTree = "<group>"; };
		00178C440FC37D5200CA6A07 /* GHNSInvocationProxy.m */ = {isa = PBXFileReference; fileEncoding = 4; lastKnownFileType = sourcecode.c.objc; path = GHNSInvocationProxy.m; sourceTree = "<group>"; };
		00178E800FC39A1900CA6A07 /* NSInvocationUtilsTest.m */ = {isa = PBXFileReference; fileEncoding = 4; lastKnownFileType = sourcecode.c.objc; path = NSInvocationUtilsTest.m; sourceTree = "<group>"; };
		0024E7090F659183007E5C51 /* GHNSError+Utils.h */ = {isa = PBXFileReference; fileEncoding = 4; lastKnownFileType = sourcecode.c.h; path = "GHNSError+Utils.h"; sourceTree = "<group>"; };
		0024E70A0F659183007E5C51 /* GHNSError+Utils.m */ = {isa = PBXFileReference; fileEncoding = 4; lastKnownFileType = sourcecode.c.objc; path = "GHNSError+Utils.m"; sourceTree = "<group>"; };
		0024E8220F659729007E5C51 /* GHKitIPhoneTests-Info.plist */ = {isa = PBXFileReference; fileEncoding = 4; lastKnownFileType = text.plist.xml; path = "GHKitIPhoneTests-Info.plist"; sourceTree = "<group>"; };
		002CDE4C0FBD04D40071FB1E /* GHUITableViewCell.h */ = {isa = PBXFileReference; fileEncoding = 4; lastKnownFileType = sourcecode.c.h; path = GHUITableViewCell.h; sourceTree = "<group>"; };
		002CDE4D0FBD04D40071FB1E /* GHUITableViewCell.m */ = {isa = PBXFileReference; fileEncoding = 4; lastKnownFileType = sourcecode.c.objc; path = GHUITableViewCell.m; sourceTree = "<group>"; };
		0058AACD0EF8C18600C44386 /* Security.framework */ = {isa = PBXFileReference; lastKnownFileType = wrapper.framework; name = Security.framework; path = System/Library/Frameworks/Security.framework; sourceTree = SDKROOT; };
		0058AB010EF8C61400C44386 /* GHKeychainStore.h */ = {isa = PBXFileReference; fileEncoding = 4; lastKnownFileType = sourcecode.c.h; path = GHKeychainStore.h; sourceTree = "<group>"; };
		0058AB020EF8C61400C44386 /* GHKeychainStore.m */ = {isa = PBXFileReference; fileEncoding = 4; lastKnownFileType = sourcecode.c.objc; path = GHKeychainStore.m; sourceTree = "<group>"; };
		0064CAE50FA04B6D00E5FA70 /* GHCLUtils.h */ = {isa = PBXFileReference; fileEncoding = 4; lastKnownFileType = sourcecode.c.h; path = GHCLUtils.h; sourceTree = "<group>"; };
		0064CAE60FA04B6D00E5FA70 /* GHCLUtils.m */ = {isa = PBXFileReference; fileEncoding = 4; lastKnownFileType = sourcecode.c.objc; path = GHCLUtils.m; sourceTree = "<group>"; };
		0064CB0D0FA04E0800E5FA70 /* GHCLUtilsTest.m */ = {isa = PBXFileReference; fileEncoding = 4; lastKnownFileType = sourcecode.c.objc; path = GHCLUtilsTest.m; sourceTree = "<group>"; };
		007F59A40EF243B000B3005D /* GHKitIPhone.app */ = {isa = PBXFileReference; explicitFileType = wrapper.application; includeInIndex = 0; path = GHKitIPhone.app; sourceTree = BUILT_PRODUCTS_DIR; };
		007F59A90EF243C700B3005D /* GHNSArray+Utils.h */ = {isa = PBXFileReference; fileEncoding = 4; lastKnownFileType = sourcecode.c.h; path = "GHNSArray+Utils.h"; sourceTree = "<group>"; };
		007F59AA0EF243C700B3005D /* GHNSArray+Utils.m */ = {isa = PBXFileReference; fileEncoding = 4; lastKnownFileType = sourcecode.c.objc; path = "GHNSArray+Utils.m"; sourceTree = "<group>"; };
		007F59AB0EF243C700B3005D /* GHNSDictionary+NSNull.h */ = {isa = PBXFileReference; fileEncoding = 4; lastKnownFileType = sourcecode.c.h; path = "GHNSDictionary+NSNull.h"; sourceTree = "<group>"; };
		007F59AC0EF243C700B3005D /* GHNSDictionary+NSNull.m */ = {isa = PBXFileReference; fileEncoding = 4; lastKnownFileType = sourcecode.c.objc; path = "GHNSDictionary+NSNull.m"; sourceTree = "<group>"; };
		008488B30F19921700EB7732 /* GHUIResponder.h */ = {isa = PBXFileReference; fileEncoding = 4; lastKnownFileType = sourcecode.c.h; path = GHUIResponder.h; sourceTree = "<group>"; };
		008488CD0F19944900EB7732 /* GHUITextField.h */ = {isa = PBXFileReference; fileEncoding = 4; lastKnownFileType = sourcecode.c.h; path = GHUITextField.h; sourceTree = "<group>"; };
		008488CE0F19944900EB7732 /* GHUITextField.m */ = {isa = PBXFileReference; fileEncoding = 4; lastKnownFileType = sourcecode.c.objc; path = GHUITextField.m; sourceTree = "<group>"; };
		009129540F01752E00338B5E /* GHUIAlertView+Utils.h */ = {isa = PBXFileReference; fileEncoding = 4; lastKnownFileType = sourcecode.c.h; path = "GHUIAlertView+Utils.h"; sourceTree = "<group>"; };
		009129550F01752E00338B5E /* GHUIAlertView+Utils.m */ = {isa = PBXFileReference; fileEncoding = 4; lastKnownFileType = sourcecode.c.objc; path = "GHUIAlertView+Utils.m"; sourceTree = "<group>"; };
		009129560F01752E00338B5E /* GHUIView+Utils.h */ = {isa = PBXFileReference; fileEncoding = 4; lastKnownFileType = sourcecode.c.h; path = "GHUIView+Utils.h"; sourceTree = "<group>"; };
		009129570F01752E00338B5E /* GHUIView+Utils.m */ = {isa = PBXFileReference; fileEncoding = 4; lastKnownFileType = sourcecode.c.objc; path = "GHUIView+Utils.m"; sourceTree = "<group>"; };
		00970D4E0F29234900189A9D /* GHNSStringUIKitUtilsTest.m */ = {isa = PBXFileReference; fileEncoding = 4; lastKnownFileType = sourcecode.c.objc; path = GHNSStringUIKitUtilsTest.m; sourceTree = "<group>"; };
		009A957E0F29320D00C5B773 /* GHNSInvocation+Utils.m */ = {isa = PBXFileReference; fileEncoding = 4; lastKnownFileType = sourcecode.c.objc; path = "GHNSInvocation+Utils.m"; sourceTree = "<group>"; };
		009A957F0F29320D00C5B773 /* GHNSObject+Invocation.m */ = {isa = PBXFileReference; fileEncoding = 4; lastKnownFileType = sourcecode.c.objc; path = "GHNSObject+Invocation.m"; sourceTree = "<group>"; };
		009A95800F29320D00C5B773 /* GHNSObject+Invocation.h */ = {isa = PBXFileReference; fileEncoding = 4; lastKnownFileType = sourcecode.c.h; path = "GHNSObject+Invocation.h"; sourceTree = "<group>"; };
		009A95810F29320D00C5B773 /* GHNSInvocation+Utils.h */ = {isa = PBXFileReference; fileEncoding = 4; lastKnownFileType = sourcecode.c.h; path = "GHNSInvocation+Utils.h"; sourceTree = "<group>"; };
		00A9434E0FA6F4640080CFF3 /* GTMBase64.h */ = {isa = PBXFileReference; fileEncoding = 4; lastKnownFileType = sourcecode.c.h; path = GTMBase64.h; sourceTree = "<group>"; };
		00A9434F0FA6F4640080CFF3 /* GTMBase64.m */ = {isa = PBXFileReference; fileEncoding = 4; lastKnownFileType = sourcecode.c.objc; path = GTMBase64.m; sourceTree = "<group>"; };
		00A943500FA6F4640080CFF3 /* GTMGarbageCollection.h */ = {isa = PBXFileReference; fileEncoding = 4; lastKnownFileType = sourcecode.c.h; path = GTMGarbageCollection.h; sourceTree = "<group>"; };
		00A943510FA6F4640080CFF3 /* GTMLogger.h */ = {isa = PBXFileReference; fileEncoding = 4; lastKnownFileType = sourcecode.c.h; path = GTMLogger.h; sourceTree = "<group>"; };
		00A943520FA6F4640080CFF3 /* GTMLogger.m */ = {isa = PBXFileReference; fileEncoding = 4; lastKnownFileType = sourcecode.c.objc; path = GTMLogger.m; sourceTree = "<group>"; };
		00A943530FA6F4640080CFF3 /* GTMObjC2Runtime.h */ = {isa = PBXFileReference; fileEncoding = 4; lastKnownFileType = sourcecode.c.h; path = GTMObjC2Runtime.h; sourceTree = "<group>"; };
		00A943540FA6F4640080CFF3 /* GTMObjC2Runtime.m */ = {isa = PBXFileReference; fileEncoding = 4; lastKnownFileType = sourcecode.c.objc; path = GTMObjC2Runtime.m; sourceTree = "<group>"; };
		00A943550FA6F4640080CFF3 /* GTMRegex.h */ = {isa = PBXFileReference; fileEncoding = 4; lastKnownFileType = sourcecode.c.h; path = GTMRegex.h; sourceTree = "<group>"; };
		00A943560FA6F4640080CFF3 /* GTMRegex.m */ = {isa = PBXFileReference; fileEncoding = 4; lastKnownFileType = sourcecode.c.objc; path = GTMRegex.m; sourceTree = "<group>"; };
		00A943570FA6F4640080CFF3 /* GTMStackTrace.h */ = {isa = PBXFileReference; fileEncoding = 4; lastKnownFileType = sourcecode.c.h; path = GTMStackTrace.h; sourceTree = "<group>"; };
		00A943580FA6F4640080CFF3 /* GTMStackTrace.m */ = {isa = PBXFileReference; fileEncoding = 4; lastKnownFileType = sourcecode.c.objc; path = GTMStackTrace.m; sourceTree = "<group>"; };
		00A943590FA6F4640080CFF3 /* GTMDefines.h */ = {isa = PBXFileReference; fileEncoding = 4; lastKnownFileType = sourcecode.c.h; path = GTMDefines.h; sourceTree = "<group>"; };
		00A9435C0FA6F4640080CFF3 /* JSON.h */ = {isa = PBXFileReference; fileEncoding = 4; lastKnownFileType = sourcecode.c.h; path = JSON.h; sourceTree = "<group>"; };
		00A9435D0FA6F4640080CFF3 /* NSObject+SBJSON.h */ = {isa = PBXFileReference; fileEncoding = 4; lastKnownFileType = sourcecode.c.h; path = "NSObject+SBJSON.h"; sourceTree = "<group>"; };
		00A9435E0FA6F4640080CFF3 /* NSObject+SBJSON.m */ = {isa = PBXFileReference; fileEncoding = 4; lastKnownFileType = sourcecode.c.objc; path = "NSObject+SBJSON.m"; sourceTree = "<group>"; };
		00A9435F0FA6F4640080CFF3 /* NSString+SBJSON.h */ = {isa = PBXFileReference; fileEncoding = 4; lastKnownFileType = sourcecode.c.h; path = "NSString+SBJSON.h"; sourceTree = "<group>"; };
		00A943600FA6F4640080CFF3 /* NSString+SBJSON.m */ = {isa = PBXFileReference; fileEncoding = 4; lastKnownFileType = sourcecode.c.objc; path = "NSString+SBJSON.m"; sourceTree = "<group>"; };
		00A943610FA6F4640080CFF3 /* SBJSONScanner.h */ = {isa = PBXFileReference; fileEncoding = 4; lastKnownFileType = sourcecode.c.h; path = SBJSONScanner.h; sourceTree = "<group>"; };
		00A943620FA6F4640080CFF3 /* SBJSONScanner.m */ = {isa = PBXFileReference; fileEncoding = 4; lastKnownFileType = sourcecode.c.objc; path = SBJSONScanner.m; sourceTree = "<group>"; };
		00A943640FA6F4640080CFF3 /* SFHFKeychainUtils.h */ = {isa = PBXFileReference; fileEncoding = 4; lastKnownFileType = sourcecode.c.h; path = SFHFKeychainUtils.h; sourceTree = "<group>"; };
		00A943650FA6F4640080CFF3 /* SFHFKeychainUtils.m */ = {isa = PBXFileReference; fileEncoding = 4; lastKnownFileType = sourcecode.c.objc; path = SFHFKeychainUtils.m; sourceTree = "<group>"; };
		00A943790FA6F4A10080CFF3 /* GHNSBundle+Utils.h */ = {isa = PBXFileReference; fileEncoding = 4; lastKnownFileType = sourcecode.c.h; path = "GHNSBundle+Utils.h"; sourceTree = "<group>"; };
		00A9437A0FA6F4A10080CFF3 /* GHNSBundle+Utils.m */ = {isa = PBXFileReference; fileEncoding = 4; lastKnownFileType = sourcecode.c.objc; path = "GHNSBundle+Utils.m"; sourceTree = "<group>"; };
		00A9437C0FA6F4A10080CFF3 /* GHNSObject+Swizzle.h */ = {isa = PBXFileReference; fileEncoding = 4; lastKnownFileType = sourcecode.c.h; path = "GHNSObject+Swizzle.h"; sourceTree = "<group>"; };
		00A9437D0FA6F4A10080CFF3 /* GHNSObject+Swizzle.m */ = {isa = PBXFileReference; fileEncoding = 4; lastKnownFileType = sourcecode.c.objc; path = "GHNSObject+Swizzle.m"; sourceTree = "<group>"; };
		00A951D40FDA25BE006A80A6 /* GHAsyncTestCase.h */ = {isa = PBXFileReference; fileEncoding = 4; lastKnownFileType = sourcecode.c.h; path = GHAsyncTestCase.h; sourceTree = "<group>"; };
		00A951D50FDA25BE006A80A6 /* GHMockCLLocationManager.h */ = {isa = PBXFileReference; fileEncoding = 4; lastKnownFileType = sourcecode.c.h; path = GHMockCLLocationManager.h; sourceTree = "<group>"; };
		00A951D60FDA25BE006A80A6 /* GHMockNSHTTPURLResponse.h */ = {isa = PBXFileReference; fileEncoding = 4; lastKnownFileType = sourcecode.c.h; path = GHMockNSHTTPURLResponse.h; sourceTree = "<group>"; };
		00A951D70FDA25BE006A80A6 /* GHMockNSURLConnection.h */ = {isa = PBXFileReference; fileEncoding = 4; lastKnownFileType = sourcecode.c.h; path = GHMockNSURLConnection.h; sourceTree = "<group>"; };
		00A951D80FDA25BE006A80A6 /* GHNSLocale+Mock.h */ = {isa = PBXFileReference; fileEncoding = 4; lastKnownFileType = sourcecode.c.h; path = "GHNSLocale+Mock.h"; sourceTree = "<group>"; };
		00A951D90FDA25BE006A80A6 /* GHTest.h */ = {isa = PBXFileReference; fileEncoding = 4; lastKnownFileType = sourcecode.c.h; path = GHTest.h; sourceTree = "<group>"; };
		00A951DA0FDA25BE006A80A6 /* GHTestCase.h */ = {isa = PBXFileReference; fileEncoding = 4; lastKnownFileType = sourcecode.c.h; path = GHTestCase.h; sourceTree = "<group>"; };
		00A951DB0FDA25BE006A80A6 /* GHTestGroup.h */ = {isa = PBXFileReference; fileEncoding = 4; lastKnownFileType = sourcecode.c.h; path = GHTestGroup.h; sourceTree = "<group>"; };
		00A951DC0FDA25BE006A80A6 /* GHTesting.h */ = {isa = PBXFileReference; fileEncoding = 4; lastKnownFileType = sourcecode.c.h; path = GHTesting.h; sourceTree = "<group>"; };
		00A951DD0FDA25BE006A80A6 /* GHTestMacros.h */ = {isa = PBXFileReference; fileEncoding = 4; lastKnownFileType = sourcecode.c.h; path = GHTestMacros.h; sourceTree = "<group>"; };
		00A951DE0FDA25BE006A80A6 /* GHTestRunner.h */ = {isa = PBXFileReference; fileEncoding = 4; lastKnownFileType = sourcecode.c.h; path = GHTestRunner.h; sourceTree = "<group>"; };
		00A951DF0FDA25BE006A80A6 /* GHTestSuite.h */ = {isa = PBXFileReference; fileEncoding = 4; lastKnownFileType = sourcecode.c.h; path = GHTestSuite.h; sourceTree = "<group>"; };
		00A951E00FDA25BE006A80A6 /* GHUITestCase.h */ = {isa = PBXFileReference; fileEncoding = 4; lastKnownFileType = sourcecode.c.h; path = GHUITestCase.h; sourceTree = "<group>"; };
		00A951E10FDA25BE006A80A6 /* GHUnit.h */ = {isa = PBXFileReference; fileEncoding = 4; lastKnownFileType = sourcecode.c.h; path = GHUnit.h; sourceTree = "<group>"; };
		00A951E20FDA25BE006A80A6 /* GHUnitIPhoneTestMain.m */ = {isa = PBXFileReference; fileEncoding = 4; lastKnownFileType = sourcecode.c.objc; path = GHUnitIPhoneTestMain.m; sourceTree = "<group>"; };
		00A951E30FDA25BE006A80A6 /* GHUNSObject+Swizzle.h */ = {isa = PBXFileReference; fileEncoding = 4; lastKnownFileType = sourcecode.c.h; path = "GHUNSObject+Swizzle.h"; sourceTree = "<group>"; };
		00A951E40FDA25BE006A80A6 /* libGHUnitIPhoneCL.a */ = {isa = PBXFileReference; lastKnownFileType = archive.ar; path = libGHUnitIPhoneCL.a; sourceTree = "<group>"; };
		00A951E50FDA25BE006A80A6 /* RunTests.sh */ = {isa = PBXFileReference; fileEncoding = 4; lastKnownFileType = text.script.sh; path = RunTests.sh; sourceTree = "<group>"; };
		00A951F00FDA25E4006A80A6 /* CoreLocation.framework */ = {isa = PBXFileReference; lastKnownFileType = wrapper.framework; name = CoreLocation.framework; path = System/Library/Frameworks/CoreLocation.framework; sourceTree = SDKROOT; };
		00A97A100F0C424400B083F6 /* GHUIButton.m */ = {isa = PBXFileReference; fileEncoding = 4; lastKnownFileType = sourcecode.c.objc; path = GHUIButton.m; sourceTree = "<group>"; };
		00A97A110F0C424400B083F6 /* GHUIButton.h */ = {isa = PBXFileReference; fileEncoding = 4; lastKnownFileType = sourcecode.c.h; path = GHUIButton.h; sourceTree = "<group>"; };
		00A97A1A0F0C436700B083F6 /* GHCGUtils.m */ = {isa = PBXFileReference; fileEncoding = 4; lastKnownFileType = sourcecode.c.objc; path = GHCGUtils.m; sourceTree = "<group>"; };
		00A97A1B0F0C436700B083F6 /* GHCGUtils.h */ = {isa = PBXFileReference; fileEncoding = 4; lastKnownFileType = sourcecode.c.h; path = GHCGUtils.h; sourceTree = "<group>"; };
		00CDDDFB0F77023C0089C60E /* GHNSDate+Utils.h */ = {isa = PBXFileReference; fileEncoding = 4; lastKnownFileType = sourcecode.c.h; path = "GHNSDate+Utils.h"; sourceTree = "<group>"; };
		00CDDDFC0F77023C0089C60E /* GHNSDate+Utils.m */ = {isa = PBXFileReference; fileEncoding = 4; lastKnownFileType = sourcecode.c.objc; path = "GHNSDate+Utils.m"; sourceTree = "<group>"; };
		00CDDDFD0F77023C0089C60E /* GHNSDictionary+Utils.h */ = {isa = PBXFileReference; fileEncoding = 4; lastKnownFileType = sourcecode.c.h; path = "GHNSDictionary+Utils.h"; sourceTree = "<group>"; };
		00CDDDFE0F77023C0089C60E /* GHNSDictionary+Utils.m */ = {isa = PBXFileReference; fileEncoding = 4; lastKnownFileType = sourcecode.c.objc; path = "GHNSDictionary+Utils.m"; sourceTree = "<group>"; };
		00CDDDFF0F77023C0089C60E /* GHNSMutableDictionary+Utils.h */ = {isa = PBXFileReference; fileEncoding = 4; lastKnownFileType = sourcecode.c.h; path = "GHNSMutableDictionary+Utils.h"; sourceTree = "<group>"; };
		00CDDE000F77023C0089C60E /* GHNSMutableDictionary+Utils.m */ = {isa = PBXFileReference; fileEncoding = 4; lastKnownFileType = sourcecode.c.objc; path = "GHNSMutableDictionary+Utils.m"; sourceTree = "<group>"; };
		00DB2AAC0EECA29900383FB6 /* GHKit.h */ = {isa = PBXFileReference; fileEncoding = 4; lastKnownFileType = sourcecode.c.h; path = GHKit.h; sourceTree = "<group>"; };
		00DB2AAD0EECA29900383FB6 /* GHNSDate+Parsing.h */ = {isa = PBXFileReference; fileEncoding = 4; lastKnownFileType = sourcecode.c.h; path = "GHNSDate+Parsing.h"; sourceTree = "<group>"; };
		00DB2AAE0EECA29900383FB6 /* GHNSDate+Parsing.m */ = {isa = PBXFileReference; fileEncoding = 4; lastKnownFileType = sourcecode.c.objc; path = "GHNSDate+Parsing.m"; sourceTree = "<group>"; };
		00DB2AAF0EECA29900383FB6 /* GHNSFileManager+Utils.h */ = {isa = PBXFileReference; fileEncoding = 4; lastKnownFileType = sourcecode.c.h; path = "GHNSFileManager+Utils.h"; sourceTree = "<group>"; };
		00DB2AB00EECA29900383FB6 /* GHNSFileManager+Utils.m */ = {isa = PBXFileReference; fileEncoding = 4; lastKnownFileType = sourcecode.c.objc; path = "GHNSFileManager+Utils.m"; sourceTree = "<group>"; };
		00DB2AB10EECA29900383FB6 /* GHNSNumber+Utils.h */ = {isa = PBXFileReference; fileEncoding = 4; lastKnownFileType = sourcecode.c.h; path = "GHNSNumber+Utils.h"; sourceTree = "<group>"; };
		00DB2AB20EECA29900383FB6 /* GHNSNumber+Utils.m */ = {isa = PBXFileReference; fileEncoding = 4; lastKnownFileType = sourcecode.c.objc; path = "GHNSNumber+Utils.m"; sourceTree = "<group>"; };
		00DB2AB30EECA29900383FB6 /* GHNSString+HMAC.h */ = {isa = PBXFileReference; fileEncoding = 4; lastKnownFileType = sourcecode.c.h; path = "GHNSString+HMAC.h"; sourceTree = "<group>"; };
		00DB2AB40EECA29900383FB6 /* GHNSString+HMAC.m */ = {isa = PBXFileReference; fileEncoding = 4; lastKnownFileType = sourcecode.c.objc; path = "GHNSString+HMAC.m"; sourceTree = "<group>"; };
		00DB2AB50EECA29900383FB6 /* GHNSString+TimeInterval.h */ = {isa = PBXFileReference; fileEncoding = 4; lastKnownFileType = sourcecode.c.h; path = "GHNSString+TimeInterval.h"; sourceTree = "<group>"; };
		00DB2AB60EECA29900383FB6 /* GHNSString+TimeInterval.m */ = {isa = PBXFileReference; fileEncoding = 4; lastKnownFileType = sourcecode.c.objc; path = "GHNSString+TimeInterval.m"; sourceTree = "<group>"; };
		00DB2AB70EECA29900383FB6 /* GHNSString+Utils.h */ = {isa = PBXFileReference; fileEncoding = 4; lastKnownFileType = sourcecode.c.h; path = "GHNSString+Utils.h"; sourceTree = "<group>"; };
		00DB2AB80EECA29900383FB6 /* GHNSString+Utils.m */ = {isa = PBXFileReference; fileEncoding = 4; lastKnownFileType = sourcecode.c.objc; path = "GHNSString+Utils.m"; sourceTree = "<group>"; };
		00DB2AB90EECA29900383FB6 /* GHNSString+Validation.h */ = {isa = PBXFileReference; fileEncoding = 4; lastKnownFileType = sourcecode.c.h; path = "GHNSString+Validation.h"; sourceTree = "<group>"; };
		00DB2ABA0EECA29900383FB6 /* GHNSString+Validation.m */ = {isa = PBXFileReference; fileEncoding = 4; lastKnownFileType = sourcecode.c.objc; path = "GHNSString+Validation.m"; sourceTree = "<group>"; };
		00DB2ABB0EECA29900383FB6 /* GHNSURL+Utils.h */ = {isa = PBXFileReference; fileEncoding = 4; lastKnownFileType = sourcecode.c.h; path = "GHNSURL+Utils.h"; sourceTree = "<group>"; };
		00DB2ABC0EECA29900383FB6 /* GHNSURL+Utils.m */ = {isa = PBXFileReference; fileEncoding = 4; lastKnownFileType = sourcecode.c.objc; path = "GHNSURL+Utils.m"; sourceTree = "<group>"; };
		00DB2AC30EECA29900383FB6 /* hmac.c */ = {isa = PBXFileReference; fileEncoding = 4; lastKnownFileType = sourcecode.c.c; path = hmac.c; sourceTree = "<group>"; };
		00DB2AC40EECA29900383FB6 /* hmac.h */ = {isa = PBXFileReference; fileEncoding = 4; lastKnownFileType = sourcecode.c.h; path = hmac.h; sourceTree = "<group>"; };
		00DB2AC60EECA29900383FB6 /* sha1.c */ = {isa = PBXFileReference; fileEncoding = 4; lastKnownFileType = sourcecode.c.c; path = sha1.c; sourceTree = "<group>"; };
		00DB2AC70EECA29900383FB6 /* sha1.h */ = {isa = PBXFileReference; fileEncoding = 4; lastKnownFileType = sourcecode.c.h; path = sha1.h; sourceTree = "<group>"; };
		00DB2B0F0EECA51400383FB6 /* GHUINavigationController+PopDelegate.h */ = {isa = PBXFileReference; fileEncoding = 4; lastKnownFileType = sourcecode.c.h; path = "GHUINavigationController+PopDelegate.h"; sourceTree = "<group>"; };
		00DB2B100EECA51400383FB6 /* GHUINavigationController+PopDelegate.m */ = {isa = PBXFileReference; fileEncoding = 4; lastKnownFileType = sourcecode.c.objc; path = "GHUINavigationController+PopDelegate.m"; sourceTree = "<group>"; };
		00E2483D0F15E37D00C06C63 /* GHUIKitUtils.h */ = {isa = PBXFileReference; fileEncoding = 4; lastKnownFileType = sourcecode.c.h; path = GHUIKitUtils.h; sourceTree = "<group>"; };
		00E2483E0F15E37D00C06C63 /* GHUIKitUtils.m */ = {isa = PBXFileReference; fileEncoding = 4; lastKnownFileType = sourcecode.c.objc; path = GHUIKitUtils.m; sourceTree = "<group>"; };
		00E248410F15E37D00C06C63 /* GHUITableViewStatusDelegate.h */ = {isa = PBXFileReference; fileEncoding = 4; lastKnownFileType = sourcecode.c.h; path = GHUITableViewStatusDelegate.h; sourceTree = "<group>"; };
		00E248420F15E37D00C06C63 /* GHUITableViewStatusDelegate.m */ = {isa = PBXFileReference; fileEncoding = 4; lastKnownFileType = sourcecode.c.objc; path = GHUITableViewStatusDelegate.m; sourceTree = "<group>"; };
		00E24A370F16BEBD00C06C63 /* GHNSString+UIKitUtils.h */ = {isa = PBXFileReference; fileEncoding = 4; lastKnownFileType = sourcecode.c.h; path = "GHNSString+UIKitUtils.h"; sourceTree = "<group>"; };
		00E24A380F16BEBD00C06C63 /* GHNSString+UIKitUtils.m */ = {isa = PBXFileReference; fileEncoding = 4; lastKnownFileType = sourcecode.c.objc; path = "GHNSString+UIKitUtils.m"; sourceTree = "<group>"; };
		00E711950F1C82BF00A4EEBA /* GHKitIPhone.h */ = {isa = PBXFileReference; fileEncoding = 4; lastKnownFileType = sourcecode.c.h; path = GHKitIPhone.h; sourceTree = "<group>"; };
		00E711960F1C82BF00A4EEBA /* GHUINavigationController+Utils.h */ = {isa = PBXFileReference; fileEncoding = 4; lastKnownFileType = sourcecode.c.h; path = "GHUINavigationController+Utils.h"; sourceTree = "<group>"; };
		00E711970F1C82BF00A4EEBA /* GHUINavigationController+Utils.m */ = {isa = PBXFileReference; fileEncoding = 4; lastKnownFileType = sourcecode.c.objc; path = "GHUINavigationController+Utils.m"; sourceTree = "<group>"; };
		00E711980F1C82BF00A4EEBA /* GHUITableView+Utils.h */ = {isa = PBXFileReference; fileEncoding = 4; lastKnownFileType = sourcecode.c.h; path = "GHUITableView+Utils.h"; sourceTree = "<group>"; };
		00E711990F1C82BF00A4EEBA /* GHUITableView+Utils.m */ = {isa = PBXFileReference; fileEncoding = 4; lastKnownFileType = sourcecode.c.objc; path = "GHUITableView+Utils.m"; sourceTree = "<group>"; };
		1D30AB110D05D00D00671497 /* Foundation.framework */ = {isa = PBXFileReference; lastKnownFileType = wrapper.framework; name = Foundation.framework; path = System/Library/Frameworks/Foundation.framework; sourceTree = SDKROOT; };
		1DF5F4DF0D08C38300B7A737 /* UIKit.framework */ = {isa = PBXFileReference; lastKnownFileType = wrapper.framework; name = UIKit.framework; path = System/Library/Frameworks/UIKit.framework; sourceTree = SDKROOT; };
		288765A40DF7441C002DB57D /* CoreGraphics.framework */ = {isa = PBXFileReference; lastKnownFileType = wrapper.framework; name = CoreGraphics.framework; path = System/Library/Frameworks/CoreGraphics.framework; sourceTree = SDKROOT; };
		32CA4F630368D1EE00C91783 /* GHKitIPhone_Prefix.pch */ = {isa = PBXFileReference; fileEncoding = 4; lastKnownFileType = sourcecode.c.h; path = GHKitIPhone_Prefix.pch; sourceTree = "<group>"; };
		8D1107310486CEB800E47090 /* Info.plist */ = {isa = PBXFileReference; fileEncoding = 4; lastKnownFileType = text.plist.xml; path = Info.plist; sourceTree = "<group>"; };
/* End PBXFileReference section */

/* Begin PBXFrameworksBuildPhase section */
		1D60588F0D05DD3D006BFB54 /* Frameworks */ = {
			isa = PBXFrameworksBuildPhase;
			buildActionMask = 2147483647;
			files = (
				1D60589F0D05DD5A006BFB54 /* Foundation.framework in Frameworks */,
				1DF5F4E00D08C38300B7A737 /* UIKit.framework in Frameworks */,
				288765A50DF7441C002DB57D /* CoreGraphics.framework in Frameworks */,
				0058AACE0EF8C18600C44386 /* Security.framework in Frameworks */,
				00A951E70FDA25BE006A80A6 /* libGHUnitIPhoneCL.a in Frameworks */,
				00A951F10FDA25E4006A80A6 /* CoreLocation.framework in Frameworks */,
			);
			runOnlyForDeploymentPostprocessing = 0;
		};
/* End PBXFrameworksBuildPhase section */

/* Begin PBXGroup section */
		00264A820F91608F007E9425 /* Libraries */ = {
			isa = PBXGroup;
			children = (
				00A951D30FDA25BE006A80A6 /* libGHUnitIPhoneCL-0.3.13 */,
				00A9434C0FA6F4640080CFF3 /* GTM */,
				00A9435B0FA6F4640080CFF3 /* SBJSON */,
				00A943630FA6F4640080CFF3 /* SFHF */,
			);
			path = Libraries;
			sourceTree = "<group>";
		};
		00A9434C0FA6F4640080CFF3 /* GTM */ = {
			isa = PBXGroup;
			children = (
				00A9434D0FA6F4640080CFF3 /* Foundation */,
				00A943590FA6F4640080CFF3 /* GTMDefines.h */,
				00A9435A0FA6F4640080CFF3 /* UnitTesting */,
			);
			path = GTM;
			sourceTree = "<group>";
		};
		00A9434D0FA6F4640080CFF3 /* Foundation */ = {
			isa = PBXGroup;
			children = (
				00A9434E0FA6F4640080CFF3 /* GTMBase64.h */,
				00A9434F0FA6F4640080CFF3 /* GTMBase64.m */,
				00A943500FA6F4640080CFF3 /* GTMGarbageCollection.h */,
				00A943510FA6F4640080CFF3 /* GTMLogger.h */,
				00A943520FA6F4640080CFF3 /* GTMLogger.m */,
				00A943530FA6F4640080CFF3 /* GTMObjC2Runtime.h */,
				00A943540FA6F4640080CFF3 /* GTMObjC2Runtime.m */,
				00A943550FA6F4640080CFF3 /* GTMRegex.h */,
				00A943560FA6F4640080CFF3 /* GTMRegex.m */,
				00A943570FA6F4640080CFF3 /* GTMStackTrace.h */,
				00A943580FA6F4640080CFF3 /* GTMStackTrace.m */,
			);
			path = Foundation;
			sourceTree = "<group>";
		};
		00A9435A0FA6F4640080CFF3 /* UnitTesting */ = {
			isa = PBXGroup;
			children = (
			);
			path = UnitTesting;
			sourceTree = "<group>";
		};
		00A9435B0FA6F4640080CFF3 /* SBJSON */ = {
			isa = PBXGroup;
			children = (
				00A9435C0FA6F4640080CFF3 /* JSON.h */,
				00A9435D0FA6F4640080CFF3 /* NSObject+SBJSON.h */,
				00A9435E0FA6F4640080CFF3 /* NSObject+SBJSON.m */,
				00A9435F0FA6F4640080CFF3 /* NSString+SBJSON.h */,
				00A943600FA6F4640080CFF3 /* NSString+SBJSON.m */,
				00A943610FA6F4640080CFF3 /* SBJSONScanner.h */,
				00A943620FA6F4640080CFF3 /* SBJSONScanner.m */,
			);
			path = SBJSON;
			sourceTree = "<group>";
		};
		00A943630FA6F4640080CFF3 /* SFHF */ = {
			isa = PBXGroup;
			children = (
				00A943640FA6F4640080CFF3 /* SFHFKeychainUtils.h */,
				00A943650FA6F4640080CFF3 /* SFHFKeychainUtils.m */,
			);
			path = SFHF;
			sourceTree = "<group>";
		};
		00A9437B0FA6F4A10080CFF3 /* Swizzle */ = {
			isa = PBXGroup;
			children = (
				00A9437C0FA6F4A10080CFF3 /* GHNSObject+Swizzle.h */,
				00A9437D0FA6F4A10080CFF3 /* GHNSObject+Swizzle.m */,
			);
			path = Swizzle;
			sourceTree = "<group>";
		};
		00A951D30FDA25BE006A80A6 /* libGHUnitIPhoneCL-0.3.13 */ = {
			isa = PBXGroup;
			children = (
				00A951D40FDA25BE006A80A6 /* GHAsyncTestCase.h */,
				00A951D50FDA25BE006A80A6 /* GHMockCLLocationManager.h */,
				00A951D60FDA25BE006A80A6 /* GHMockNSHTTPURLResponse.h */,
				00A951D70FDA25BE006A80A6 /* GHMockNSURLConnection.h */,
				00A951D80FDA25BE006A80A6 /* GHNSLocale+Mock.h */,
				00A951D90FDA25BE006A80A6 /* GHTest.h */,
				00A951DA0FDA25BE006A80A6 /* GHTestCase.h */,
				00A951DB0FDA25BE006A80A6 /* GHTestGroup.h */,
				00A951DC0FDA25BE006A80A6 /* GHTesting.h */,
				00A951DD0FDA25BE006A80A6 /* GHTestMacros.h */,
				00A951DE0FDA25BE006A80A6 /* GHTestRunner.h */,
				00A951DF0FDA25BE006A80A6 /* GHTestSuite.h */,
				00A951E00FDA25BE006A80A6 /* GHUITestCase.h */,
				00A951E10FDA25BE006A80A6 /* GHUnit.h */,
				00A951E20FDA25BE006A80A6 /* GHUnitIPhoneTestMain.m */,
				00A951E30FDA25BE006A80A6 /* GHUNSObject+Swizzle.h */,
				00A951E40FDA25BE006A80A6 /* libGHUnitIPhoneCL.a */,
				00A951E50FDA25BE006A80A6 /* RunTests.sh */,
			);
			path = "libGHUnitIPhoneCL-0.3.13";
			sourceTree = "<group>";
		};
		00DB2A9B0EECA29900383FB6 /* Classes */ = {
			isa = PBXGroup;
			children = (
				00A9437B0FA6F4A10080CFF3 /* Swizzle */,
				00DB2AC50EECA29900383FB6 /* IPhone */,
				00A943790FA6F4A10080CFF3 /* GHNSBundle+Utils.h */,
				00A9437A0FA6F4A10080CFF3 /* GHNSBundle+Utils.m */,
				00CDDDFB0F77023C0089C60E /* GHNSDate+Utils.h */,
				00CDDDFC0F77023C0089C60E /* GHNSDate+Utils.m */,
				00CDDDFD0F77023C0089C60E /* GHNSDictionary+Utils.h */,
				00CDDDFE0F77023C0089C60E /* GHNSDictionary+Utils.m */,
				00CDDDFF0F77023C0089C60E /* GHNSMutableDictionary+Utils.h */,
				00CDDE000F77023C0089C60E /* GHNSMutableDictionary+Utils.m */,
				00DB2AAC0EECA29900383FB6 /* GHKit.h */,
				00DB2AAD0EECA29900383FB6 /* GHNSDate+Parsing.h */,
				00DB2AAE0EECA29900383FB6 /* GHNSDate+Parsing.m */,
				00DB2AAF0EECA29900383FB6 /* GHNSFileManager+Utils.h */,
				00DB2AB00EECA29900383FB6 /* GHNSFileManager+Utils.m */,
				00DB2AB10EECA29900383FB6 /* GHNSNumber+Utils.h */,
				00DB2AB20EECA29900383FB6 /* GHNSNumber+Utils.m */,
				00DB2AB30EECA29900383FB6 /* GHNSString+HMAC.h */,
				00DB2AB40EECA29900383FB6 /* GHNSString+HMAC.m */,
				00DB2AB50EECA29900383FB6 /* GHNSString+TimeInterval.h */,
				00DB2AB60EECA29900383FB6 /* GHNSString+TimeInterval.m */,
				00DB2AB70EECA29900383FB6 /* GHNSString+Utils.h */,
				00DB2AB80EECA29900383FB6 /* GHNSString+Utils.m */,
				00DB2AB90EECA29900383FB6 /* GHNSString+Validation.h */,
				00DB2ABA0EECA29900383FB6 /* GHNSString+Validation.m */,
				00DB2ABB0EECA29900383FB6 /* GHNSURL+Utils.h */,
				00DB2ABC0EECA29900383FB6 /* GHNSURL+Utils.m */,
				007F59A90EF243C700B3005D /* GHNSArray+Utils.h */,
				007F59AA0EF243C700B3005D /* GHNSArray+Utils.m */,
				007F59AB0EF243C700B3005D /* GHNSDictionary+NSNull.h */,
				007F59AC0EF243C700B3005D /* GHNSDictionary+NSNull.m */,
				0058AB010EF8C61400C44386 /* GHKeychainStore.h */,
				0058AB020EF8C61400C44386 /* GHKeychainStore.m */,
				00A97A1A0F0C436700B083F6 /* GHCGUtils.m */,
				00A97A1B0F0C436700B083F6 /* GHCGUtils.h */,
				00DB2AC30EECA29900383FB6 /* hmac.c */,
				00DB2AC40EECA29900383FB6 /* hmac.h */,
				00DB2AC60EECA29900383FB6 /* sha1.c */,
				00DB2AC70EECA29900383FB6 /* sha1.h */,
				009A95800F29320D00C5B773 /* GHNSObject+Invocation.h */,
				009A957F0F29320D00C5B773 /* GHNSObject+Invocation.m */,
				009A95810F29320D00C5B773 /* GHNSInvocation+Utils.h */,
				009A957E0F29320D00C5B773 /* GHNSInvocation+Utils.m */,
				00178C430FC37D5200CA6A07 /* GHNSInvocationProxy.h */,
				00178C440FC37D5200CA6A07 /* GHNSInvocationProxy.m */,
				000223AF0F4BFFBE0046234D /* GHKitMacros.h */,
				000223B00F4BFFBE0046234D /* GHLogger.h */,
				000223B10F4BFFBE0046234D /* GHLogger.m */,
				000223B20F4BFFBE0046234D /* GHNSString+URL.h */,
				000223B30F4BFFBE0046234D /* GHNSString+URL.m */,
				0024E7090F659183007E5C51 /* GHNSError+Utils.h */,
				0024E70A0F659183007E5C51 /* GHNSError+Utils.m */,
			);
			path = Classes;
			sourceTree = "<group>";
		};
		00DB2AC50EECA29900383FB6 /* IPhone */ = {
			isa = PBXGroup;
			children = (
				00E711950F1C82BF00A4EEBA /* GHKitIPhone.h */,
				00E711960F1C82BF00A4EEBA /* GHUINavigationController+Utils.h */,
				00E711970F1C82BF00A4EEBA /* GHUINavigationController+Utils.m */,
				00E711980F1C82BF00A4EEBA /* GHUITableView+Utils.h */,
				00E711990F1C82BF00A4EEBA /* GHUITableView+Utils.m */,
				00E2483D0F15E37D00C06C63 /* GHUIKitUtils.h */,
				00E2483E0F15E37D00C06C63 /* GHUIKitUtils.m */,
				002CDE4C0FBD04D40071FB1E /* GHUITableViewCell.h */,
				002CDE4D0FBD04D40071FB1E /* GHUITableViewCell.m */,
				00E248410F15E37D00C06C63 /* GHUITableViewStatusDelegate.h */,
				00E248420F15E37D00C06C63 /* GHUITableViewStatusDelegate.m */,
				00A97A110F0C424400B083F6 /* GHUIButton.h */,
				00A97A100F0C424400B083F6 /* GHUIButton.m */,
				009129540F01752E00338B5E /* GHUIAlertView+Utils.h */,
				009129550F01752E00338B5E /* GHUIAlertView+Utils.m */,
				009129560F01752E00338B5E /* GHUIView+Utils.h */,
				009129570F01752E00338B5E /* GHUIView+Utils.m */,
				00DB2B0F0EECA51400383FB6 /* GHUINavigationController+PopDelegate.h */,
				00DB2B100EECA51400383FB6 /* GHUINavigationController+PopDelegate.m */,
				00025C680EFB5ECC007EA0A8 /* GHUIColor+Utils.h */,
				00025C690EFB5ECC007EA0A8 /* GHUIColor+Utils.m */,
				00E24A370F16BEBD00C06C63 /* GHNSString+UIKitUtils.h */,
				00E24A380F16BEBD00C06C63 /* GHNSString+UIKitUtils.m */,
				008488B30F19921700EB7732 /* GHUIResponder.h */,
				008488CD0F19944900EB7732 /* GHUITextField.h */,
				008488CE0F19944900EB7732 /* GHUITextField.m */,
				0064CAE50FA04B6D00E5FA70 /* GHCLUtils.h */,
				0064CAE60FA04B6D00E5FA70 /* GHCLUtils.m */,
			);
			path = IPhone;
			sourceTree = "<group>";
		};
		00DB2AE10EECA3BA00383FB6 /* Tests */ = {
			isa = PBXGroup;
			children = (
				00178E800FC39A1900CA6A07 /* NSInvocationUtilsTest.m */,
				00DB2AE20EECA3BA00383FB6 /* IPhone */,
			);
			path = Tests;
			sourceTree = "<group>";
		};
		00DB2AE20EECA3BA00383FB6 /* IPhone */ = {
			isa = PBXGroup;
			children = (
				00025C850EFB654C007EA0A8 /* GHUIColorUtilsTest.m */,
				00970D4E0F29234900189A9D /* GHNSStringUIKitUtilsTest.m */,
				0064CB0D0FA04E0800E5FA70 /* GHCLUtilsTest.m */,
			);
			path = IPhone;
			sourceTree = "<group>";
		};
		19C28FACFE9D520D11CA2CBB /* Products */ = {
			isa = PBXGroup;
			children = (
				007F59A40EF243B000B3005D /* GHKitIPhone.app */,
			);
			name = Products;
			sourceTree = "<group>";
		};
		29B97314FDCFA39411CA2CEA /* CustomTemplate */ = {
			isa = PBXGroup;
			children = (
				00DB2A9B0EECA29900383FB6 /* Classes */,
				00264A820F91608F007E9425 /* Libraries */,
				00DB2AE10EECA3BA00383FB6 /* Tests */,
				29B97315FDCFA39411CA2CEA /* Other Sources */,
				29B97317FDCFA39411CA2CEA /* Resources */,
				29B97323FDCFA39411CA2CEA /* Frameworks */,
				19C28FACFE9D520D11CA2CBB /* Products */,
				00A951F00FDA25E4006A80A6 /* CoreLocation.framework */,
			);
			name = CustomTemplate;
			sourceTree = "<group>";
		};
		29B97315FDCFA39411CA2CEA /* Other Sources */ = {
			isa = PBXGroup;
			children = (
				32CA4F630368D1EE00C91783 /* GHKitIPhone_Prefix.pch */,
				0024E8220F659729007E5C51 /* GHKitIPhoneTests-Info.plist */,
			);
			name = "Other Sources";
			sourceTree = "<group>";
		};
		29B97317FDCFA39411CA2CEA /* Resources */ = {
			isa = PBXGroup;
			children = (
				8D1107310486CEB800E47090 /* Info.plist */,
			);
			name = Resources;
			sourceTree = "<group>";
		};
		29B97323FDCFA39411CA2CEA /* Frameworks */ = {
			isa = PBXGroup;
			children = (
				0058AACD0EF8C18600C44386 /* Security.framework */,
				1DF5F4DF0D08C38300B7A737 /* UIKit.framework */,
				1D30AB110D05D00D00671497 /* Foundation.framework */,
				288765A40DF7441C002DB57D /* CoreGraphics.framework */,
			);
			name = Frameworks;
			sourceTree = "<group>";
		};
/* End PBXGroup section */

/* Begin PBXNativeTarget section */
		1D6058900D05DD3D006BFB54 /* GHKitIPhoneTests */ = {
			isa = PBXNativeTarget;
			buildConfigurationList = 1D6058960D05DD3E006BFB54 /* Build configuration list for PBXNativeTarget "GHKitIPhoneTests" */;
			buildPhases = (
				1D60588D0D05DD3D006BFB54 /* Resources */,
				1D60588E0D05DD3D006BFB54 /* Sources */,
				1D60588F0D05DD3D006BFB54 /* Frameworks */,
				00915B150F774812008B854A /* ShellScript */,
			);
			buildRules = (
			);
			dependencies = (
			);
			name = GHKitIPhoneTests;
			productName = GHKitIPhone;
			productReference = 007F59A40EF243B000B3005D /* GHKitIPhone.app */;
			productType = "com.apple.product-type.application";
		};
/* End PBXNativeTarget section */

/* Begin PBXProject section */
		29B97313FDCFA39411CA2CEA /* Project object */ = {
			isa = PBXProject;
			buildConfigurationList = C01FCF4E08A954540054247B /* Build configuration list for PBXProject "GHKitIPhone" */;
			compatibilityVersion = "Xcode 3.1";
			hasScannedForEncodings = 1;
			mainGroup = 29B97314FDCFA39411CA2CEA /* CustomTemplate */;
			projectDirPath = "";
			projectRoot = "";
			targets = (
				1D6058900D05DD3D006BFB54 /* GHKitIPhoneTests */,
			);
		};
/* End PBXProject section */

/* Begin PBXResourcesBuildPhase section */
		1D60588D0D05DD3D006BFB54 /* Resources */ = {
			isa = PBXResourcesBuildPhase;
			buildActionMask = 2147483647;
			files = (
				00A951E80FDA25BE006A80A6 /* RunTests.sh in Resources */,
			);
			runOnlyForDeploymentPostprocessing = 0;
		};
/* End PBXResourcesBuildPhase section */

/* Begin PBXShellScriptBuildPhase section */
		00915B150F774812008B854A /* ShellScript */ = {
			isa = PBXShellScriptBuildPhase;
			buildActionMask = 2147483647;
			files = (
			);
			inputPaths = (
			);
			outputPaths = (
			);
			runOnlyForDeploymentPostprocessing = 0;
			shellPath = /bin/sh;
			shellScript = Tests/RunTests.sh;
		};
/* End PBXShellScriptBuildPhase section */

/* Begin PBXSourcesBuildPhase section */
		1D60588E0D05DD3D006BFB54 /* Sources */ = {
			isa = PBXSourcesBuildPhase;
			buildActionMask = 2147483647;
			files = (
				00DB2ACE0EECA29900383FB6 /* GHNSDate+Parsing.m in Sources */,
				00DB2ACF0EECA29900383FB6 /* GHNSFileManager+Utils.m in Sources */,
				00DB2AD00EECA29900383FB6 /* GHNSNumber+Utils.m in Sources */,
				00DB2AD10EECA29900383FB6 /* GHNSString+HMAC.m in Sources */,
				00DB2AD20EECA29900383FB6 /* GHNSString+TimeInterval.m in Sources */,
				00DB2AD30EECA29900383FB6 /* GHNSString+Utils.m in Sources */,
				00DB2AD40EECA29900383FB6 /* GHNSString+Validation.m in Sources */,
				00DB2AD50EECA29900383FB6 /* GHNSURL+Utils.m in Sources */,
				00DB2AD90EECA29900383FB6 /* hmac.c in Sources */,
				00DB2ADA0EECA29900383FB6 /* sha1.c in Sources */,
				00DB2B110EECA51400383FB6 /* GHUINavigationController+PopDelegate.m in Sources */,
				007F59AD0EF243C700B3005D /* GHNSArray+Utils.m in Sources */,
				007F59AE0EF243C700B3005D /* GHNSDictionary+NSNull.m in Sources */,
				0058AB030EF8C61400C44386 /* GHKeychainStore.m in Sources */,
				00025C6A0EFB5ECC007EA0A8 /* GHUIColor+Utils.m in Sources */,
				00025C860EFB654C007EA0A8 /* GHUIColorUtilsTest.m in Sources */,
				009129580F01752E00338B5E /* GHUIAlertView+Utils.m in Sources */,
				009129590F01752E00338B5E /* GHUIView+Utils.m in Sources */,
				00A97A140F0C424400B083F6 /* GHUIButton.m in Sources */,
				00A97A1C0F0C436700B083F6 /* GHCGUtils.m in Sources */,
				00E248430F15E37D00C06C63 /* GHUIKitUtils.m in Sources */,
				00E248450F15E37D00C06C63 /* GHUITableViewStatusDelegate.m in Sources */,
				00E24A390F16BEBD00C06C63 /* GHNSString+UIKitUtils.m in Sources */,
				008488CF0F19944900EB7732 /* GHUITextField.m in Sources */,
				00E7119A0F1C82BF00A4EEBA /* GHUINavigationController+Utils.m in Sources */,
				00E7119B0F1C82BF00A4EEBA /* GHUITableView+Utils.m in Sources */,
				00970D4F0F29234900189A9D /* GHNSStringUIKitUtilsTest.m in Sources */,
				009A95820F29320D00C5B773 /* GHNSInvocation+Utils.m in Sources */,
				009A95830F29320D00C5B773 /* GHNSObject+Invocation.m in Sources */,
				000223B40F4BFFBE0046234D /* GHLogger.m in Sources */,
				000223B50F4BFFBE0046234D /* GHNSString+URL.m in Sources */,
				0024E70B0F659183007E5C51 /* GHNSError+Utils.m in Sources */,
				00CDDE010F77023C0089C60E /* GHNSDate+Utils.m in Sources */,
				00CDDE020F77023C0089C60E /* GHNSDictionary+Utils.m in Sources */,
				00CDDE030F77023C0089C60E /* GHNSMutableDictionary+Utils.m in Sources */,
				0064CAE70FA04B6D00E5FA70 /* GHCLUtils.m in Sources */,
				0064CB0E0FA04E0800E5FA70 /* GHCLUtilsTest.m in Sources */,
				00A943660FA6F4640080CFF3 /* GTMBase64.m in Sources */,
				00A943670FA6F4640080CFF3 /* GTMLogger.m in Sources */,
				00A943680FA6F4640080CFF3 /* GTMObjC2Runtime.m in Sources */,
				00A943690FA6F4640080CFF3 /* GTMRegex.m in Sources */,
				00A9436A0FA6F4640080CFF3 /* GTMStackTrace.m in Sources */,
				00A9436B0FA6F4640080CFF3 /* NSObject+SBJSON.m in Sources */,
				00A9436C0FA6F4640080CFF3 /* NSString+SBJSON.m in Sources */,
				00A9436D0FA6F4640080CFF3 /* SBJSONScanner.m in Sources */,
				00A9436E0FA6F4640080CFF3 /* SFHFKeychainUtils.m in Sources */,
				00A9437E0FA6F4A10080CFF3 /* GHNSBundle+Utils.m in Sources */,
				00A9437F0FA6F4A10080CFF3 /* GHNSObject+Swizzle.m in Sources */,
				002CDE4E0FBD04D40071FB1E /* GHUITableViewCell.m in Sources */,
				00178C450FC37D5200CA6A07 /* GHNSInvocationProxy.m in Sources */,
				00178E810FC39A1900CA6A07 /* NSInvocationUtilsTest.m in Sources */,
				00A951E60FDA25BE006A80A6 /* GHUnitIPhoneTestMain.m in Sources */,
			);
			runOnlyForDeploymentPostprocessing = 0;
		};
/* End PBXSourcesBuildPhase section */

/* Begin XCBuildConfiguration section */
		1D6058940D05DD3E006BFB54 /* Debug */ = {
			isa = XCBuildConfiguration;
			buildSettings = {
				ALWAYS_SEARCH_USER_PATHS = NO;
				COPY_PHASE_STRIP = NO;
				GCC_DYNAMIC_NO_PIC = NO;
				GCC_OPTIMIZATION_LEVEL = 0;
				GCC_PRECOMPILE_PREFIX_HEADER = YES;
				GCC_PREFIX_HEADER = GHKitIPhone_Prefix.pch;
				INFOPLIST_FILE = "GHKitIPhoneTests-Info.plist";
				LIBRARY_SEARCH_PATHS = (
					"$(inherited)",
					"\"$(SRCROOT)/Libraries/GHUnit-IPhone\"",
					"\"$(SRCROOT)/Libraries/libGHUnitIPhone-0.3.9\"",
					"\"$(SRCROOT)/Libraries/libGHUnitIPhone-0.3.10\"",
					"\"$(SRCROOT)/Libraries/libGHUnitIPhoneCL-0.3.13\"",
				);
				OTHER_LDFLAGS = "-ObjC";
				PRODUCT_NAME = GHKitIPhone;
			};
			name = Debug;
		};
		1D6058950D05DD3E006BFB54 /* Release */ = {
			isa = XCBuildConfiguration;
			buildSettings = {
				ALWAYS_SEARCH_USER_PATHS = NO;
				COPY_PHASE_STRIP = YES;
				GCC_PRECOMPILE_PREFIX_HEADER = YES;
				GCC_PREFIX_HEADER = GHKitIPhone_Prefix.pch;
				INFOPLIST_FILE = "GHKitIPhoneTests-Info.plist";
				LIBRARY_SEARCH_PATHS = (
					"$(inherited)",
					"\"$(SRCROOT)/Libraries/GHUnit-IPhone\"",
					"\"$(SRCROOT)/Libraries/libGHUnitIPhone-0.3.9\"",
					"\"$(SRCROOT)/Libraries/libGHUnitIPhone-0.3.10\"",
					"\"$(SRCROOT)/Libraries/libGHUnitIPhoneCL-0.3.13\"",
				);
				OTHER_LDFLAGS = "-ObjC";
				PRODUCT_NAME = GHKitIPhone;
			};
			name = Release;
		};
		C01FCF4F08A954540054247B /* Debug */ = {
			isa = XCBuildConfiguration;
			buildSettings = {
				ARCHS = "$(ARCHS_STANDARD_32_BIT)";
				"CODE_SIGN_IDENTITY[sdk=iphoneos*]" = "iPhone Developer";
				GCC_C_LANGUAGE_STANDARD = c99;
				GCC_WARN_ABOUT_RETURN_TYPE = YES;
				GCC_WARN_UNUSED_VARIABLE = YES;
				ONLY_ACTIVE_ARCH = YES;
				PREBINDING = NO;
				SDKROOT = iphoneos2.2;
			};
			name = Debug;
		};
		C01FCF5008A954540054247B /* Release */ = {
			isa = XCBuildConfiguration;
			buildSettings = {
				ARCHS = "$(ARCHS_STANDARD_32_BIT)";
				"CODE_SIGN_IDENTITY[sdk=iphoneos*]" = "iPhone Developer";
				GCC_C_LANGUAGE_STANDARD = c99;
				GCC_WARN_ABOUT_RETURN_TYPE = YES;
				GCC_WARN_UNUSED_VARIABLE = YES;
				PREBINDING = NO;
				SDKROOT = iphoneos2.2;
			};
			name = Release;
		};
/* End XCBuildConfiguration section */

/* Begin XCConfigurationList section */
		1D6058960D05DD3E006BFB54 /* Build configuration list for PBXNativeTarget "GHKitIPhoneTests" */ = {
			isa = XCConfigurationList;
			buildConfigurations = (
				1D6058940D05DD3E006BFB54 /* Debug */,
				1D6058950D05DD3E006BFB54 /* Release */,
			);
			defaultConfigurationIsVisible = 0;
			defaultConfigurationName = Release;
		};
		C01FCF4E08A954540054247B /* Build configuration list for PBXProject "GHKitIPhone" */ = {
			isa = XCConfigurationList;
			buildConfigurations = (
				C01FCF4F08A954540054247B /* Debug */,
				C01FCF5008A954540054247B /* Release */,
			);
			defaultConfigurationIsVisible = 0;
			defaultConfigurationName = Release;
		};
/* End XCConfigurationList section */
	};
	rootObject = 29B97313FDCFA39411CA2CEA /* Project object */;
}
